
Microsoft Visual Studio Solution File, Format Version 12.00
# Visual Studio Version 17
VisualStudioVersion = 17.7.34024.191
MinimumVisualStudioVersion = 10.0.40219.1
Project("{FAE04EC0-301F-11D3-BF4B-00C04F79EFBC}") = "WPF_CLiente", "WPF_CLiente\WPF_CLiente.csproj", "{1EF47672-AF7E-447C-BAD4-5249004049CF}"
EndProject
Global
	GlobalSection(SolutionConfigurationPlatforms) = preSolution
		Debug|Any CPU = Debug|Any CPU
		Release|Any CPU = Release|Any CPU
	EndGlobalSection
	GlobalSection(ProjectConfigurationPlatforms) = postSolution
		{1EF47672-AF7E-447C-BAD4-5249004049CF}.Debug|Any CPU.ActiveCfg = Debug|Any CPU
		{1EF47672-AF7E-447C-BAD4-5249004049CF}.Debug|Any CPU.Build.0 = Debug|Any CPU
		{1EF47672-AF7E-447C-BAD4-5249004049CF}.Release|Any CPU.ActiveCfg = Release|Any CPU
		{1EF47672-AF7E-447C-BAD4-5249004049CF}.Release|Any CPU.Build.0 = Release|Any CPU
	EndGlobalSection
	GlobalSection(SolutionProperties) = preSolution
		HideSolutionNode = FALSE
	EndGlobalSection
	GlobalSection(ExtensibilityGlobals) = postSolution
		SolutionGuid = {79752005-4BD0-4F49-8C13-CC504EEC4A1D}
	EndGlobalSection
EndGlobal
